{
  "version": "4",
  "specifiers": {
    "jsr:@std/dotenv@~0.225.2": "0.225.2",
    "npm:appstore-connect-sdk@^1.2.0": "1.2.0"
  },
  "jsr": {
    "@std/dotenv@0.225.2": {
      "integrity": "e2025dce4de6c7bca21dece8baddd4262b09d5187217e231b033e088e0c4dd23"
    }
  },
  "npm": {
    "appstore-connect-sdk@1.2.0": {
      "integrity": "sha512-3VyiLVZ9mjAqmQWRm8UwK3FD1gnlq/mC6WWcHBNy1x4u6vHTfbGUMv3YkwfE7JA37GwiGhN/dToGsw7uj8FPoA==",
      "dependencies": [
        "jose"
      ]
    },
    "jose@4.15.9": {
      "integrity": "sha512-1vUQX+IdDMVPj4k8kOxgUqlcK518yluMuGZwqlr44FS1ppZB/5GWh4rZG89erpOBOJjU/OBsnCVFfapsRz6nEA=="
    }
  },
  "workspace": {
    "dependencies": [
      "jsr:@std/dotenv@~0.225.2",
      "npm:appstore-connect-sdk@^1.2.0"
    ]
  }
}
