{
  "version": "5",
  "specifiers": {
    "jsr:@std/dotenv@*": "0.225.5",
    "npm:appstore-connect-sdk@^1.3.2": "1.3.2"
  },
  "jsr": {
    "@std/dotenv@0.225.5": {
      "integrity": "9ce6f9d0ec3311f74a32535aa1b8c62ed88b1ab91b7f0815797d77a6f60c922f"
    }
  },
  "npm": {
    "appstore-connect-sdk@1.3.2": {
      "integrity": "sha512-lqUJ+dJzkSU849KcrXm8gMet9r+CaHxbFBfFigKjpEta8220kJMtA8ZEJp4eCCA4wT7OWbTcZ1Zsga/Zf8Kn2Q==",
      "dependencies": [
        "jose"
      ]
    },
    "jose@6.0.12": {
      "integrity": "sha512-T8xypXs8CpmiIi78k0E+Lk7T2zlK4zDyg+o1CZ4AkOHgDg98ogdP2BeZ61lTFKFyoEwJ9RgAgN+SdM3iPgNonQ=="
    }
  },
  "workspace": {
    "dependencies": [
      "npm:appstore-connect-sdk@^1.3.2"
    ]
  }
}
